// !$*UTF8*$!
{
	archiveVersion = 1;
	classes = {
	};
	objectVersion = 50;
	objects = {

/* Begin PBXBuildFile section */
		40B858F6221CF3AF00BE1845 /* msgQ_A.cpp in Sources */ = {isa = PBXBuildFile; fileRef = 40B858F4221CF3AE00BE1845 /* msgQ_A.cpp */; };
		40B858F7221CF3AF00BE1845 /* msgQ_B.cpp in Sources */ = {isa = PBXBuildFile; fileRef = 40B858F5221CF3AF00BE1845 /* msgQ_B.cpp */; };
		40CCFF7E221F835D005881E2 /* ProbeA.cpp in Sources */ = {isa = PBXBuildFile; fileRef = 40CCFF7D221F835D005881E2 /* ProbeA.cpp */; };
		40CCFF81221F8370005881E2 /* ProbeB.cpp in Sources */ = {isa = PBXBuildFile; fileRef = 40CCFF7F221F8370005881E2 /* ProbeB.cpp */; };
		40CCFF83221F8393005881E2 /* ProbeC.cpp in Sources */ = {isa = PBXBuildFile; fileRef = 40CCFF82221F8393005881E2 /* ProbeC.cpp */; };
		40CCFF85221F83AD005881E2 /* DataHub.cpp in Sources */ = {isa = PBXBuildFile; fileRef = 40CCFF84221F83AD005881E2 /* DataHub.cpp */; };
/* End PBXBuildFile section */

/* Begin PBXCopyFilesBuildPhase section */
		40B858E8221CF0A800BE1845 /* CopyFiles */ = {
			isa = PBXCopyFilesBuildPhase;
			buildActionMask = 2147483647;
			dstPath = /usr/share/man/man1/;
			dstSubfolderSpec = 0;
			files = (
			);
			runOnlyForDeploymentPostprocessing = 1;
		};
/* End PBXCopyFilesBuildPhase section */

/* Begin PBXFileReference section */
		40B858EA221CF0A800BE1845 /* MessageQueue */ = {isa = PBXFileReference; explicitFileType = "compiled.mach-o.executable"; includeInIndex = 0; path = MessageQueue; sourceTree = BUILT_PRODUCTS_DIR; };
		40B858F4221CF3AE00BE1845 /* msgQ_A.cpp */ = {isa = PBXFileReference; fileEncoding = 4; lastKnownFileType = sourcecode.cpp.cpp; path = msgQ_A.cpp; sourceTree = "<group>"; };
		40B858F5221CF3AF00BE1845 /* msgQ_B.cpp */ = {isa = PBXFileReference; fileEncoding = 4; lastKnownFileType = sourcecode.cpp.cpp; path = msgQ_B.cpp; sourceTree = "<group>"; };
		40CCFF7D221F835D005881E2 /* ProbeA.cpp */ = {isa = PBXFileReference; lastKnownFileType = sourcecode.cpp.cpp; path = ProbeA.cpp; sourceTree = "<group>"; };
		40CCFF7F221F8370005881E2 /* ProbeB.cpp */ = {isa = PBXFileReference; lastKnownFileType = sourcecode.cpp.cpp; path = ProbeB.cpp; sourceTree = "<group>"; };
		40CCFF82221F8393005881E2 /* ProbeC.cpp */ = {isa = PBXFileReference; lastKnownFileType = sourcecode.cpp.cpp; path = ProbeC.cpp; sourceTree = "<group>"; };
		40CCFF84221F83AD005881E2 /* DataHub.cpp */ = {isa = PBXFileReference; lastKnownFileType = sourcecode.cpp.cpp; path = DataHub.cpp; sourceTree = "<group>"; };
/* End PBXFileReference section */

/* Begin PBXFrameworksBuildPhase section */
		40B858E7221CF0A800BE1845 /* Frameworks */ = {
			isa = PBXFrameworksBuildPhase;
			buildActionMask = 2147483647;
			files = (
			);
			runOnlyForDeploymentPostprocessing = 0;
		};
/* End PBXFrameworksBuildPhase section */

/* Begin PBXGroup section */
		40B858E1221CF0A800BE1845 = {
			isa = PBXGroup;
			children = (
				40B858EC221CF0A800BE1845 /* MessageQueue */,
				40B858EB221CF0A800BE1845 /* Products */,
			);
			sourceTree = "<group>";
		};
		40B858EB221CF0A800BE1845 /* Products */ = {
			isa = PBXGroup;
			children = (
				40B858EA221CF0A800BE1845 /* MessageQueue */,
			);
			name = Products;
			sourceTree = "<group>";
		};
		40B858EC221CF0A800BE1845 /* MessageQueue */ = {
			isa = PBXGroup;
			children = (
				40B858F4221CF3AE00BE1845 /* msgQ_A.cpp */,
				40B858F5221CF3AF00BE1845 /* msgQ_B.cpp */,
				40CCFF7D221F835D005881E2 /* ProbeA.cpp */,
				40CCFF7F221F8370005881E2 /* ProbeB.cpp */,
				40CCFF82221F8393005881E2 /* ProbeC.cpp */,
				40CCFF84221F83AD005881E2 /* DataHub.cpp */,
			);
			path = MessageQueue;
			sourceTree = "<group>";
		};
/* End PBXGroup section */

/* Begin PBXNativeTarget section */
		40B858E9221CF0A800BE1845 /* MessageQueue */ = {
			isa = PBXNativeTarget;
			buildConfigurationList = 40B858F1221CF0A800BE1845 /* Build configuration list for PBXNativeTarget "MessageQueue" */;
			buildPhases = (
				40B858E6221CF0A800BE1845 /* Sources */,
				40B858E7221CF0A800BE1845 /* Frameworks */,
				40B858E8221CF0A800BE1845 /* CopyFiles */,
			);
			buildRules = (
			);
			dependencies = (
			);
			name = MessageQueue;
			productName = MessageQueue;
			productReference = 40B858EA221CF0A800BE1845 /* MessageQueue */;
			productType = "com.apple.product-type.tool";
		};
/* End PBXNativeTarget section */

/* Begin PBXProject section */
		40B858E2221CF0A800BE1845 /* Project object */ = {
			isa = PBXProject;
			attributes = {
				LastUpgradeCheck = 1010;
				ORGANIZATIONNAME = StevenOnSoftware;
				TargetAttributes = {
					40B858E9221CF0A800BE1845 = {
						CreatedOnToolsVersion = 10.1;
					};
				};
			};
			buildConfigurationList = 40B858E5221CF0A800BE1845 /* Build configuration list for PBXProject "MessageQueue" */;
			compatibilityVersion = "Xcode 9.3";
			developmentRegion = en;
			hasScannedForEncodings = 0;
			knownRegions = (
				en,
			);
			mainGroup = 40B858E1221CF0A800BE1845;
			productRefGroup = 40B858EB221CF0A800BE1845 /* Products */;
			projectDirPath = "";
			projectRoot = "";
			targets = (
				40B858E9221CF0A800BE1845 /* MessageQueue */,
			);
		};
/* End PBXProject section */

/* Begin PBXSourcesBuildPhase section */
		40B858E6221CF0A800BE1845 /* Sources */ = {
			isa = PBXSourcesBuildPhase;
			buildActionMask = 2147483647;
			files = (
				40CCFF81221F8370005881E2 /* ProbeB.cpp in Sources */,
				40CCFF7E221F835D005881E2 /* ProbeA.cpp in Sources */,
				40CCFF85221F83AD005881E2 /* DataHub.cpp in Sources */,
				40B858F6221CF3AF00BE1845 /* msgQ_A.cpp in Sources */,
				40CCFF83221F8393005881E2 /* ProbeC.cpp in Sources */,
				40B858F7221CF3AF00BE1845 /* msgQ_B.cpp in Sources */,
			);
			runOnlyForDeploymentPostprocessing = 0;
		};
/* End PBXSourcesBuildPhase section */

/* Begin XCBuildConfiguration section */
		40B858EF221CF0A800BE1845 /* Debug */ = {
			isa = XCBuildConfiguration;
			buildSettings = {
				ALWAYS_SEARCH_USER_PATHS = NO;
				CLANG_ANALYZER_NONNULL = YES;
				CLANG_ANALYZER_NUMBER_OBJECT_CONVERSION = YES_AGGRESSIVE;
				CLANG_CXX_LANGUAGE_STANDARD = "gnu++14";
				CLANG_CXX_LIBRARY = "libc++";
				CLANG_ENABLE_MODULES = YES;
				CLANG_ENABLE_OBJC_ARC = YES;
				CLANG_ENABLE_OBJC_WEAK = YES;
				CLANG_WARN_BLOCK_CAPTURE_AUTORELEASING = YES;
				CLANG_WARN_BOOL_CONVERSION = YES;
				CLANG_WARN_COMMA = YES;
				CLANG_WARN_CONSTANT_CONVERSION = YES;
				CLANG_WARN_DEPRECATED_OBJC_IMPLEMENTATIONS = YES;
				CLANG_WARN_DIRECT_OBJC_ISA_USAGE = YES_ERROR;
				CLANG_WARN_DOCUMENTATION_COMMENTS = YES;
				CLANG_WARN_EMPTY_BODY = YES;
				CLANG_WARN_ENUM_CONVERSION = YES;
				CLANG_WARN_INFINITE_RECURSION = YES;
				CLANG_WARN_INT_CONVERSION = YES;
				CLANG_WARN_NON_LITERAL_NULL_CONVERSION = YES;
				CLANG_WARN_OBJC_IMPLICIT_RETAIN_SELF = YES;
				CLANG_WARN_OBJC_LITERAL_CONVERSION = YES;
				CLANG_WARN_OBJC_ROOT_CLASS = YES_ERROR;
				CLANG_WARN_RANGE_LOOP_ANALYSIS = YES;
				CLANG_WARN_STRICT_PROTOTYPES = YES;
				CLANG_WARN_SUSPICIOUS_MOVE = YES;
				CLANG_WARN_UNGUARDED_AVAILABILITY = YES_AGGRESSIVE;
				CLANG_WARN_UNREACHABLE_CODE = YES;
				CLANG_WARN__DUPLICATE_METHOD_MATCH = YES;
				CODE_SIGN_IDENTITY = "-";
				COPY_PHASE_STRIP = NO;
				DEBUG_INFORMATION_FORMAT = dwarf;
				ENABLE_STRICT_OBJC_MSGSEND = YES;
				ENABLE_TESTABILITY = YES;
				GCC_C_LANGUAGE_STANDARD = gnu11;
				GCC_DYNAMIC_NO_PIC = NO;
				GCC_NO_COMMON_BLOCKS = YES;
				GCC_OPTIMIZATION_LEVEL = 0;
				GCC_PREPROCESSOR_DEFINITIONS = (
					"DEBUG=1",
					"$(inherited)",
				);
				GCC_WARN_64_TO_32_BIT_CONVERSION = YES;
				GCC_WARN_ABOUT_RETURN_TYPE = YES_ERROR;
				GCC_WARN_UNDECLARED_SELECTOR = YES;
				GCC_WARN_UNINITIALIZED_AUTOS = YES_AGGRESSIVE;
				GCC_WARN_UNUSED_FUNCTION = YES;
				GCC_WARN_UNUSED_VARIABLE = YES;
				MACOSX_DEPLOYMENT_TARGET = 10.14;
				MTL_ENABLE_DEBUG_INFO = INCLUDE_SOURCE;
				MTL_FAST_MATH = YES;
				ONLY_ACTIVE_ARCH = YES;
				SDKROOT = macosx;
			};
			name = Debug;
		};
		40B858F0221CF0A800BE1845 /* Release */ = {
			isa = XCBuildConfiguration;
			buildSettings = {
				ALWAYS_SEARCH_USER_PATHS = NO;
				CLANG_ANALYZER_NONNULL = YES;
				CLANG_ANALYZER_NUMBER_OBJECT_CONVERSION = YES_AGGRESSIVE;
				CLANG_CXX_LANGUAGE_STANDARD = "gnu++14";
				CLANG_CXX_LIBRARY = "libc++";
				CLANG_ENABLE_MODULES = YES;
				CLANG_ENABLE_OBJC_ARC = YES;
				CLANG_ENABLE_OBJC_WEAK = YES;
				CLANG_WARN_BLOCK_CAPTURE_AUTORELEASING = YES;
				CLANG_WARN_BOOL_CONVERSION = YES;
				CLANG_WARN_COMMA = YES;
				CLANG_WARN_CONSTANT_CONVERSION = YES;
				CLANG_WARN_DEPRECATED_OBJC_IMPLEMENTATIONS = YES;
				CLANG_WARN_DIRECT_OBJC_ISA_USAGE = YES_ERROR;
				CLANG_WARN_DOCUMENTATION_COMMENTS = YES;
				CLANG_WARN_EMPTY_BODY = YES;
				CLANG_WARN_ENUM_CONVERSION = YES;
				CLANG_WARN_INFINITE_RECURSION = YES;
				CLANG_WARN_INT_CONVERSION = YES;
				CLANG_WARN_NON_LITERAL_NULL_CONVERSION = YES;
				CLANG_WARN_OBJC_IMPLICIT_RETAIN_SELF = YES;
				CLANG_WARN_OBJC_LITERAL_CONVERSION = YES;
				CLANG_WARN_OBJC_ROOT_CLASS = YES_ERROR;
				CLANG_WARN_RANGE_LOOP_ANALYSIS = YES;
				CLANG_WARN_STRICT_PROTOTYPES = YES;
				CLANG_WARN_SUSPICIOUS_MOVE = YES;
				CLANG_WARN_UNGUARDED_AVAILABILITY = YES_AGGRESSIVE;
				CLANG_WARN_UNREACHABLE_CODE = YES;
				CLANG_WARN__DUPLICATE_METHOD_MATCH = YES;
				CODE_SIGN_IDENTITY = "-";
				COPY_PHASE_STRIP = NO;
				DEBUG_INFORMATION_FORMAT = "dwarf-with-dsym";
				ENABLE_NS_ASSERTIONS = NO;
				ENABLE_STRICT_OBJC_MSGSEND = YES;
				GCC_C_LANGUAGE_STANDARD = gnu11;
				GCC_NO_COMMON_BLOCKS = YES;
				GCC_WARN_64_TO_32_BIT_CONVERSION = YES;
				GCC_WARN_ABOUT_RETURN_TYPE = YES_ERROR;
				GCC_WARN_UNDECLARED_SELECTOR = YES;
				GCC_WARN_UNINITIALIZED_AUTOS = YES_AGGRESSIVE;
				GCC_WARN_UNUSED_FUNCTION = YES;
				GCC_WARN_UNUSED_VARIABLE = YES;
				MACOSX_DEPLOYMENT_TARGET = 10.14;
				MTL_ENABLE_DEBUG_INFO = NO;
				MTL_FAST_MATH = YES;
				SDKROOT = macosx;
			};
			name = Release;
		};
		40B858F2221CF0A800BE1845 /* Debug */ = {
			isa = XCBuildConfiguration;
			buildSettings = {
				CODE_SIGN_STYLE = Automatic;
				PRODUCT_NAME = "$(TARGET_NAME)";
			};
			name = Debug;
		};
		40B858F3221CF0A800BE1845 /* Release */ = {
			isa = XCBuildConfiguration;
			buildSettings = {
				CODE_SIGN_STYLE = Automatic;
				PRODUCT_NAME = "$(TARGET_NAME)";
			};
			name = Release;
		};
/* End XCBuildConfiguration section */

/* Begin XCConfigurationList section */
		40B858E5221CF0A800BE1845 /* Build configuration list for PBXProject "MessageQueue" */ = {
			isa = XCConfigurationList;
			buildConfigurations = (
				40B858EF221CF0A800BE1845 /* Debug */,
				40B858F0221CF0A800BE1845 /* Release */,
			);
			defaultConfigurationIsVisible = 0;
			defaultConfigurationName = Release;
		};
		40B858F1221CF0A800BE1845 /* Build configuration list for PBXNativeTarget "MessageQueue" */ = {
			isa = XCConfigurationList;
			buildConfigurations = (
				40B858F2221CF0A800BE1845 /* Debug */,
				40B858F3221CF0A800BE1845 /* Release */,
			);
			defaultConfigurationIsVisible = 0;
			defaultConfigurationName = Release;
		};
/* End XCConfigurationList section */
	};
	rootObject = 40B858E2221CF0A800BE1845 /* Project object */;
}
